
Microsoft Visual Studio Solution File, Format Version 12.00
# Visual Studio Version 17
VisualStudioVersion = 17.0.32014.148
MinimumVisualStudioVersion = 10.0.40219.1
Project("{FAE04EC0-301F-11D3-BF4B-00C04F79EFBC}") = "WindowsFormsApp", "WindowsFormsApp.csproj", "{E1A672D0-480F-4AD2-BB4F-AFFE398E2D51}"
EndProject
Global
	GlobalSection(SolutionConfigurationPlatforms) = preSolution
		Debug|Any CPU = Debug|Any CPU
		Release|Any CPU = Release|Any CPU
	EndGlobalSection
	GlobalSection(ProjectConfigurationPlatforms) = postSolution
		{E1A672D0-480F-4AD2-BB4F-AFFE398E2D51}.Debug|Any CPU.ActiveCfg = Debug|Any CPU
		{E1A672D0-480F-4AD2-BB4F-AFFE398E2D51}.Debug|Any CPU.Build.0 = Debug|Any CPU
		{E1A672D0-480F-4AD2-BB4F-AFFE398E2D51}.Release|Any CPU.ActiveCfg = Release|Any CPU
		{E1A672D0-480F-4AD2-BB4F-AFFE398E2D51}.Release|Any CPU.Build.0 = Release|Any CPU
	EndGlobalSection
	GlobalSection(SolutionProperties) = preSolution
		HideSolutionNode = FALSE
	EndGlobalSection
	GlobalSection(ExtensibilityGlobals) = postSolution
		SolutionGuid = {368F46B8-7B11-49FE-9BAB-6E5463A57071}
	EndGlobalSection
EndGlobal
